
Microsoft Visual Studio Solution File, Format Version 10.00
# Visual Studio 2008
Project("{8BC9CEB8-8B4A-11D0-8D11-00A0C91BC942}") = "darkplaces-dedicated", "darkplaces-dedicated.vcproj", "{389AE334-D907-4069-90B3-F0551B3EFDE9}"
EndProject
Project("{8BC9CEB8-8B4A-11D0-8D11-00A0C91BC943}") = "darkplaces-sdl", "darkplaces-sdl.vcproj", "{7470C8B3-FCA7-42D3-9909-5F9E735C7C51}"
EndProject
Project("{8BC9CEB8-8B4A-11D0-8D11-00A0C91BC944}") = "darkplaces-sdl-dev", "darkplaces-sdl-dev.vcproj", "{56DC45BA-7945-4E75-A3D2-4F2DC0C94562}"
EndProject
Project("{8BC9CEB8-8B4A-11D0-8D11-00A0C91BC945}") = "darkplaces-sdl2", "darkplaces-sdl2.vcproj", "{7470C8B3-FCA7-42D3-9909-5F9E735C7C81}"
EndProject
Project("{8BC9CEB8-8B4A-11D0-8D11-00A0C91BC946}") = "darkplaces-sdl2-dev", "darkplaces-sdl2-dev.vcproj", "{56DC45BA-7945-4E75-A3D2-4F2DC0C94592}"
EndProject
Global
	GlobalSection(SolutionConfigurationPlatforms) = preSolution
		Debug|Win32 = Debug|Win32
		Release|Win32 = Release|Win32
	EndGlobalSection
	GlobalSection(ProjectConfigurationPlatforms) = postSolution
		Debug|Win32 = Debug|Win32
		Release|Win32 = Release|Win32	
	EndGlobalSection
	GlobalSection(SolutionProperties) = preSolution
		HideSolutionNode = FALSE
	EndGlobalSection
EndGlobal
